
Microsoft Visual Studio Solution File, Format Version 12.00
# Visual Studio Version 16
VisualStudioVersion = 16.0.30804.86
MinimumVisualStudioVersion = 10.0.40219.1
Project("{2150E333-8FDC-42A3-9474-1A3956D46DE8}") = "Services", "Services", "{EC57E6DB-8B05-4ACD-8FD8-0B6BCC2E18D9}"
EndProject
Project("{2150E333-8FDC-42A3-9474-1A3956D46DE8}") = "Basket", "Basket", "{5A6EE5AE-405D-4556-B059-8A7A01F1324E}"
EndProject
Project("{2150E333-8FDC-42A3-9474-1A3956D46DE8}") = "Catalog", "Catalog", "{6CB2AE7C-8AE4-439F-BD09-681B9B163E9F}"
EndProject
Project("{2150E333-8FDC-42A3-9474-1A3956D46DE8}") = "Web Apps", "Web Apps", "{3D011CD3-C250-4D92-833D-AE15B1AB4BD7}"
EndProject
Project("{2150E333-8FDC-42A3-9474-1A3956D46DE8}") = "MVC", "MVC", "{D0FACE6F-F795-4CF0-A4BF-77627F621B5B}"
EndProject
Project("{2150E333-8FDC-42A3-9474-1A3956D46DE8}") = "tests", "tests", "{CAFC5BC9-13A2-4D76-A7E2-8D056A006422}"
EndProject
Project("{2150E333-8FDC-42A3-9474-1A3956D46DE8}") = "tests", "tests", "{86602D18-2457-44B4-B066-4562A082F8F5}"
EndProject
Project("{2150E333-8FDC-42A3-9474-1A3956D46DE8}") = "tests", "tests", "{4AF230EC-1E24-4C55-89C7-74FD6A4578A4}"
EndProject
Project("{2150E333-8FDC-42A3-9474-1A3956D46DE8}") = "Ordering", "Ordering", "{74169CBC-F92A-4E85-B58C-8CF743AF87B8}"
EndProject
Project("{2150E333-8FDC-42A3-9474-1A3956D46DE8}") = "tests", "tests", "{23569E3B-B36E-4746-9E47-4887EA8AF116}"
EndProject
Project("{2150E333-8FDC-42A3-9474-1A3956D46DE8}") = "WebStatus", "WebStatus", "{E02DED12-324D-4B26-A5A7-37A121D0E7C4}"
EndProject
Project("{2150E333-8FDC-42A3-9474-1A3956D46DE8}") = "Identity", "Identity", "{84C0784B-EC5D-4127-998E-62F7E6C8B274}"
EndProject
Project("{2150E333-8FDC-42A3-9474-1A3956D46DE8}") = "tests", "tests", "{6121E0B6-C97B-4D9C-B51B-02E7422F754D}"
EndProject
Project("{9A19103F-16F7-4668-BE54-9A1E7A4F7556}") = "Basket.API.Tests", "Services\Basket.UnitTests\Basket.API.Tests.csproj", "{0B130B3C-5E10-48BC-972F-80BADA11CA6A}"
EndProject
Project("{9A19103F-16F7-4668-BE54-9A1E7A4F7556}") = "Basket.API", "Services\Basket.API\Basket.API.csproj", "{1E0FB0EF-3F1B-497C-B342-D8F0440824C6}"
EndProject
Project("{9A19103F-16F7-4668-BE54-9A1E7A4F7556}") = "Identity.API", "Services\Identity.API\Identity.API.csproj", "{56F7914F-BEA0-4560-AEAA-E936F085ED60}"
EndProject
Project("{9A19103F-16F7-4668-BE54-9A1E7A4F7556}") = "Ordering.API", "Services\Ordering.API\Ordering.API.csproj", "{37B2C575-F417-45A9-9E8F-93A68A441FA3}"
EndProject
Project("{9A19103F-16F7-4668-BE54-9A1E7A4F7556}") = "MVC", "Web Apps\MVC\MVC.csproj", "{1AA19C9A-4D46-4733-BA21-A7D588663AAE}"
EndProject
Project("{9A19103F-16F7-4668-BE54-9A1E7A4F7556}") = "WebStatus", "Web Apps\WebStatus\WebStatus.csproj", "{8E907E4A-A726-4FE3-A5C7-B4C3ECEADF2B}"
EndProject
Project("{9A19103F-16F7-4668-BE54-9A1E7A4F7556}") = "Catalog.API", "Services\Catalog.API\Catalog.API.csproj", "{AA84B34C-18EF-4B20-AA6C-A71608063C3F}"
EndProject
Project("{9A19103F-16F7-4668-BE54-9A1E7A4F7556}") = "Messages", "Services\Messages\Messages.csproj", "{E1DAF3D4-3A1B-4C8F-B2FC-A27CAA7FB340}"
EndProject
Project("{9A19103F-16F7-4668-BE54-9A1E7A4F7556}") = "MVC.Test", "Web Apps\MVC.Test\MVC.Test.csproj", "{8B5C3106-0ED2-4451-B904-F86A023CBC48}"
EndProject
Project("{9A19103F-16F7-4668-BE54-9A1E7A4F7556}") = "Catalog.UnitTests", "Services\Catalog.UnitTests\Catalog.UnitTests.csproj", "{9A08D15A-36EC-43A0-8551-1108BDE2018F}"
EndProject
Project("{9A19103F-16F7-4668-BE54-9A1E7A4F7556}") = "Identity.UnitTests", "Services\Identity.UnitTests\Identity.UnitTests.csproj", "{0A710482-9D89-41C4-AE23-54DC6B110B4C}"
EndProject
Project("{9A19103F-16F7-4668-BE54-9A1E7A4F7556}") = "Ordering.UnitTests", "Services\Ordering.UnitTests\Ordering.UnitTests.csproj", "{0EA15725-56BC-4938-8BBF-FCB524788928}"
EndProject
Project("{E53339B2-1760-4266-BCC7-CA923CBCF16C}") = "docker-compose", "docker-compose.dcproj", "{EA4C02F3-821D-4E7A-80DD-88B1D981B2B4}"
EndProject
Global
	GlobalSection(SolutionConfigurationPlatforms) = preSolution
		Debug|Any CPU = Debug|Any CPU
		Release|Any CPU = Release|Any CPU
	EndGlobalSection
	GlobalSection(ProjectConfigurationPlatforms) = postSolution
		{0B130B3C-5E10-48BC-972F-80BADA11CA6A}.Debug|Any CPU.ActiveCfg = Debug|Any CPU
		{0B130B3C-5E10-48BC-972F-80BADA11CA6A}.Release|Any CPU.ActiveCfg = Release|Any CPU
		{1E0FB0EF-3F1B-497C-B342-D8F0440824C6}.Debug|Any CPU.ActiveCfg = Debug|Any CPU
		{1E0FB0EF-3F1B-497C-B342-D8F0440824C6}.Debug|Any CPU.Build.0 = Debug|Any CPU
		{1E0FB0EF-3F1B-497C-B342-D8F0440824C6}.Release|Any CPU.ActiveCfg = Release|Any CPU
		{56F7914F-BEA0-4560-AEAA-E936F085ED60}.Debug|Any CPU.ActiveCfg = Debug|Any CPU
		{56F7914F-BEA0-4560-AEAA-E936F085ED60}.Debug|Any CPU.Build.0 = Debug|Any CPU
		{56F7914F-BEA0-4560-AEAA-E936F085ED60}.Release|Any CPU.ActiveCfg = Release|Any CPU
		{37B2C575-F417-45A9-9E8F-93A68A441FA3}.Debug|Any CPU.ActiveCfg = Debug|Any CPU
		{37B2C575-F417-45A9-9E8F-93A68A441FA3}.Debug|Any CPU.Build.0 = Debug|Any CPU
		{37B2C575-F417-45A9-9E8F-93A68A441FA3}.Release|Any CPU.ActiveCfg = Release|Any CPU
		{1AA19C9A-4D46-4733-BA21-A7D588663AAE}.Debug|Any CPU.ActiveCfg = Debug|Any CPU
		{1AA19C9A-4D46-4733-BA21-A7D588663AAE}.Debug|Any CPU.Build.0 = Debug|Any CPU
		{1AA19C9A-4D46-4733-BA21-A7D588663AAE}.Release|Any CPU.ActiveCfg = Release|Any CPU
		{8E907E4A-A726-4FE3-A5C7-B4C3ECEADF2B}.Debug|Any CPU.ActiveCfg = Debug|Any CPU
		{8E907E4A-A726-4FE3-A5C7-B4C3ECEADF2B}.Debug|Any CPU.Build.0 = Debug|Any CPU
		{8E907E4A-A726-4FE3-A5C7-B4C3ECEADF2B}.Release|Any CPU.ActiveCfg = Release|Any CPU
		{AA84B34C-18EF-4B20-AA6C-A71608063C3F}.Debug|Any CPU.ActiveCfg = Release|Any CPU
		{AA84B34C-18EF-4B20-AA6C-A71608063C3F}.Debug|Any CPU.Build.0 = Release|Any CPU
		{AA84B34C-18EF-4B20-AA6C-A71608063C3F}.Release|Any CPU.ActiveCfg = Release|Any CPU
		{AA84B34C-18EF-4B20-AA6C-A71608063C3F}.Release|Any CPU.Build.0 = Release|Any CPU
		{E1DAF3D4-3A1B-4C8F-B2FC-A27CAA7FB340}.Debug|Any CPU.ActiveCfg = Release|Any CPU
		{E1DAF3D4-3A1B-4C8F-B2FC-A27CAA7FB340}.Debug|Any CPU.Build.0 = Release|Any CPU
		{E1DAF3D4-3A1B-4C8F-B2FC-A27CAA7FB340}.Release|Any CPU.ActiveCfg = Release|Any CPU
		{E1DAF3D4-3A1B-4C8F-B2FC-A27CAA7FB340}.Release|Any CPU.Build.0 = Release|Any CPU
		{8B5C3106-0ED2-4451-B904-F86A023CBC48}.Debug|Any CPU.ActiveCfg = Debug|Any CPU
		{8B5C3106-0ED2-4451-B904-F86A023CBC48}.Release|Any CPU.ActiveCfg = Release|Any CPU
		{9A08D15A-36EC-43A0-8551-1108BDE2018F}.Debug|Any CPU.ActiveCfg = Debug|Any CPU
		{9A08D15A-36EC-43A0-8551-1108BDE2018F}.Release|Any CPU.ActiveCfg = Release|Any CPU
		{0A710482-9D89-41C4-AE23-54DC6B110B4C}.Debug|Any CPU.ActiveCfg = Debug|Any CPU
		{0A710482-9D89-41C4-AE23-54DC6B110B4C}.Release|Any CPU.ActiveCfg = Release|Any CPU
		{0EA15725-56BC-4938-8BBF-FCB524788928}.Debug|Any CPU.ActiveCfg = Debug|Any CPU
		{0EA15725-56BC-4938-8BBF-FCB524788928}.Release|Any CPU.ActiveCfg = Release|Any CPU
		{0EA15725-56BC-4938-8BBF-FCB524788928}.Release|Any CPU.Build.0 = Release|Any CPU
		{EA4C02F3-821D-4E7A-80DD-88B1D981B2B4}.Debug|Any CPU.ActiveCfg = Debug|Any CPU
		{EA4C02F3-821D-4E7A-80DD-88B1D981B2B4}.Debug|Any CPU.Build.0 = Debug|Any CPU
		{EA4C02F3-821D-4E7A-80DD-88B1D981B2B4}.Release|Any CPU.ActiveCfg = Release|Any CPU
		{EA4C02F3-821D-4E7A-80DD-88B1D981B2B4}.Release|Any CPU.Build.0 = Release|Any CPU
	EndGlobalSection
	GlobalSection(SolutionProperties) = preSolution
		HideSolutionNode = FALSE
	EndGlobalSection
	GlobalSection(NestedProjects) = preSolution
		{5A6EE5AE-405D-4556-B059-8A7A01F1324E} = {EC57E6DB-8B05-4ACD-8FD8-0B6BCC2E18D9}
		{6CB2AE7C-8AE4-439F-BD09-681B9B163E9F} = {EC57E6DB-8B05-4ACD-8FD8-0B6BCC2E18D9}
		{D0FACE6F-F795-4CF0-A4BF-77627F621B5B} = {3D011CD3-C250-4D92-833D-AE15B1AB4BD7}
		{CAFC5BC9-13A2-4D76-A7E2-8D056A006422} = {5A6EE5AE-405D-4556-B059-8A7A01F1324E}
		{86602D18-2457-44B4-B066-4562A082F8F5} = {6CB2AE7C-8AE4-439F-BD09-681B9B163E9F}
		{4AF230EC-1E24-4C55-89C7-74FD6A4578A4} = {D0FACE6F-F795-4CF0-A4BF-77627F621B5B}
		{74169CBC-F92A-4E85-B58C-8CF743AF87B8} = {EC57E6DB-8B05-4ACD-8FD8-0B6BCC2E18D9}
		{23569E3B-B36E-4746-9E47-4887EA8AF116} = {74169CBC-F92A-4E85-B58C-8CF743AF87B8}
		{E02DED12-324D-4B26-A5A7-37A121D0E7C4} = {3D011CD3-C250-4D92-833D-AE15B1AB4BD7}
		{84C0784B-EC5D-4127-998E-62F7E6C8B274} = {EC57E6DB-8B05-4ACD-8FD8-0B6BCC2E18D9}
		{6121E0B6-C97B-4D9C-B51B-02E7422F754D} = {84C0784B-EC5D-4127-998E-62F7E6C8B274}
		{0B130B3C-5E10-48BC-972F-80BADA11CA6A} = {CAFC5BC9-13A2-4D76-A7E2-8D056A006422}
		{1E0FB0EF-3F1B-497C-B342-D8F0440824C6} = {5A6EE5AE-405D-4556-B059-8A7A01F1324E}
		{56F7914F-BEA0-4560-AEAA-E936F085ED60} = {84C0784B-EC5D-4127-998E-62F7E6C8B274}
		{37B2C575-F417-45A9-9E8F-93A68A441FA3} = {74169CBC-F92A-4E85-B58C-8CF743AF87B8}
		{1AA19C9A-4D46-4733-BA21-A7D588663AAE} = {D0FACE6F-F795-4CF0-A4BF-77627F621B5B}
		{8E907E4A-A726-4FE3-A5C7-B4C3ECEADF2B} = {E02DED12-324D-4B26-A5A7-37A121D0E7C4}
		{AA84B34C-18EF-4B20-AA6C-A71608063C3F} = {6CB2AE7C-8AE4-439F-BD09-681B9B163E9F}
		{E1DAF3D4-3A1B-4C8F-B2FC-A27CAA7FB340} = {EC57E6DB-8B05-4ACD-8FD8-0B6BCC2E18D9}
		{8B5C3106-0ED2-4451-B904-F86A023CBC48} = {4AF230EC-1E24-4C55-89C7-74FD6A4578A4}
		{9A08D15A-36EC-43A0-8551-1108BDE2018F} = {86602D18-2457-44B4-B066-4562A082F8F5}
		{0A710482-9D89-41C4-AE23-54DC6B110B4C} = {6121E0B6-C97B-4D9C-B51B-02E7422F754D}
		{0EA15725-56BC-4938-8BBF-FCB524788928} = {23569E3B-B36E-4746-9E47-4887EA8AF116}
	EndGlobalSection
	GlobalSection(ExtensibilityGlobals) = postSolution
		SolutionGuid = {03DBD554-4917-4E9A-B783-78151722175A}
	EndGlobalSection
EndGlobal
