
Microsoft Visual Studio Solution File, Format Version 12.00
# Visual Studio Version 17
VisualStudioVersion = 17.0.31903.59
MinimumVisualStudioVersion = 10.0.40219.1
Project("{FAE04EC0-301F-11D3-BF4B-00C04F79EFBC}") = "database", "database\database.csproj", "{C78011C0-C8F7-4221-BA4A-A60332A44DA7}"
EndProject
Project("{FAE04EC0-301F-11D3-BF4B-00C04F79EFBC}") = "database.mysql", "database.mysql\database.mysql.csproj", "{41C75571-36D6-4BE7-BD91-3AE84B038BDD}"
EndProject
Project("{FAE04EC0-301F-11D3-BF4B-00C04F79EFBC}") = "negocio", "negocio\negocio.csproj", "{7A682295-4C4E-4DF3-9E18-56EE6062CB6F}"
EndProject
Project("{FAE04EC0-301F-11D3-BF4B-00C04F79EFBC}") = "web", "web\web.csproj", "{41DFC982-9B3D-44BF-9356-8F4D14AE6A1E}"
EndProject
Global
	GlobalSection(SolutionConfigurationPlatforms) = preSolution
		Debug|Any CPU = Debug|Any CPU
		Release|Any CPU = Release|Any CPU
	EndGlobalSection
	GlobalSection(SolutionProperties) = preSolution
		HideSolutionNode = FALSE
	EndGlobalSection
	GlobalSection(ProjectConfigurationPlatforms) = postSolution
		{C78011C0-C8F7-4221-BA4A-A60332A44DA7}.Debug|Any CPU.ActiveCfg = Debug|Any CPU
		{C78011C0-C8F7-4221-BA4A-A60332A44DA7}.Debug|Any CPU.Build.0 = Debug|Any CPU
		{C78011C0-C8F7-4221-BA4A-A60332A44DA7}.Release|Any CPU.ActiveCfg = Release|Any CPU
		{C78011C0-C8F7-4221-BA4A-A60332A44DA7}.Release|Any CPU.Build.0 = Release|Any CPU
		{41C75571-36D6-4BE7-BD91-3AE84B038BDD}.Debug|Any CPU.ActiveCfg = Debug|Any CPU
		{41C75571-36D6-4BE7-BD91-3AE84B038BDD}.Debug|Any CPU.Build.0 = Debug|Any CPU
		{41C75571-36D6-4BE7-BD91-3AE84B038BDD}.Release|Any CPU.ActiveCfg = Release|Any CPU
		{41C75571-36D6-4BE7-BD91-3AE84B038BDD}.Release|Any CPU.Build.0 = Release|Any CPU
		{9B5A762D-D208-46EC-948C-98EC9F9F4321}.Debug|Any CPU.ActiveCfg = Debug|Any CPU
		{9B5A762D-D208-46EC-948C-98EC9F9F4321}.Debug|Any CPU.Build.0 = Debug|Any CPU
		{9B5A762D-D208-46EC-948C-98EC9F9F4321}.Release|Any CPU.ActiveCfg = Release|Any CPU
		{9B5A762D-D208-46EC-948C-98EC9F9F4321}.Release|Any CPU.Build.0 = Release|Any CPU
		{7A682295-4C4E-4DF3-9E18-56EE6062CB6F}.Debug|Any CPU.ActiveCfg = Debug|Any CPU
		{7A682295-4C4E-4DF3-9E18-56EE6062CB6F}.Debug|Any CPU.Build.0 = Debug|Any CPU
		{7A682295-4C4E-4DF3-9E18-56EE6062CB6F}.Release|Any CPU.ActiveCfg = Release|Any CPU
		{7A682295-4C4E-4DF3-9E18-56EE6062CB6F}.Release|Any CPU.Build.0 = Release|Any CPU
		{41DFC982-9B3D-44BF-9356-8F4D14AE6A1E}.Debug|Any CPU.ActiveCfg = Debug|Any CPU
		{41DFC982-9B3D-44BF-9356-8F4D14AE6A1E}.Debug|Any CPU.Build.0 = Debug|Any CPU
		{41DFC982-9B3D-44BF-9356-8F4D14AE6A1E}.Release|Any CPU.ActiveCfg = Release|Any CPU
		{41DFC982-9B3D-44BF-9356-8F4D14AE6A1E}.Release|Any CPU.Build.0 = Release|Any CPU
	EndGlobalSection
EndGlobal
