
Microsoft Visual Studio Solution File, Format Version 12.00
# Visual Studio Version 17
VisualStudioVersion = 17.0.31903.59
MinimumVisualStudioVersion = 10.0.40219.1
Project("{FAE04EC0-301F-11D3-BF4B-00C04F79EFBC}") = "ServiceA", "ServiceA\ServiceA.csproj", "{A353069E-85D1-4B0F-8AFE-54A748109694}"
EndProject
Project("{FAE04EC0-301F-11D3-BF4B-00C04F79EFBC}") = "ServiceB", "ServiceB\ServiceB.csproj", "{A68BFCD5-0C91-4DAE-87C0-CA3A93B64414}"
EndProject
Global
	GlobalSection(SolutionConfigurationPlatforms) = preSolution
		Debug|Any CPU = Debug|Any CPU
		Release|Any CPU = Release|Any CPU
	EndGlobalSection
	GlobalSection(SolutionProperties) = preSolution
		HideSolutionNode = FALSE
	EndGlobalSection
	GlobalSection(ProjectConfigurationPlatforms) = postSolution
		{A353069E-85D1-4B0F-8AFE-54A748109694}.Debug|Any CPU.ActiveCfg = Debug|Any CPU
		{A353069E-85D1-4B0F-8AFE-54A748109694}.Debug|Any CPU.Build.0 = Debug|Any CPU
		{A353069E-85D1-4B0F-8AFE-54A748109694}.Release|Any CPU.ActiveCfg = Release|Any CPU
		{A353069E-85D1-4B0F-8AFE-54A748109694}.Release|Any CPU.Build.0 = Release|Any CPU
		{A68BFCD5-0C91-4DAE-87C0-CA3A93B64414}.Debug|Any CPU.ActiveCfg = Debug|Any CPU
		{A68BFCD5-0C91-4DAE-87C0-CA3A93B64414}.Debug|Any CPU.Build.0 = Debug|Any CPU
		{A68BFCD5-0C91-4DAE-87C0-CA3A93B64414}.Release|Any CPU.ActiveCfg = Release|Any CPU
		{A68BFCD5-0C91-4DAE-87C0-CA3A93B64414}.Release|Any CPU.Build.0 = Release|Any CPU
	EndGlobalSection
EndGlobal
